// !$*UTF8*$!
{
	archiveVersion = 1;
	classes = {
	};
	objectVersion = 55;
	objects = {

/* Begin PBXBuildFile section */
		D0236FD6278545FE00A4793B /* PresetData.swift in Sources */ = {isa = PBXBuildFile; fileRef = D0236FD5278545FE00A4793B /* PresetData.swift */; };
		D07518CB27816FAF004F95A8 /* AppSingleton.swift in Sources */ = {isa = PBXBuildFile; fileRef = D07518CA27816FAF004F95A8 /* AppSingleton.swift */; };
		D07518CD27817380004F95A8 /* Common.swift in Sources */ = {isa = PBXBuildFile; fileRef = D07518CC27817380004F95A8 /* Common.swift */; };
		D07518CF2781741C004F95A8 /* Presets.swift in Sources */ = {isa = PBXBuildFile; fileRef = D07518CE2781741C004F95A8 /* Presets.swift */; };
		D0F3CDE4277D9B7E00CB6875 /* GPA_CalculatorApp.swift in Sources */ = {isa = PBXBuildFile; fileRef = D0F3CDE3277D9B7E00CB6875 /* GPA_CalculatorApp.swift */; };
		D0F3CDE6277D9B7E00CB6875 /* ContentView.swift in Sources */ = {isa = PBXBuildFile; fileRef = D0F3CDE5277D9B7E00CB6875 /* ContentView.swift */; };
		D0F3CDE8277D9B7F00CB6875 /* Assets.xcassets in Resources */ = {isa = PBXBuildFile; fileRef = D0F3CDE7277D9B7F00CB6875 /* Assets.xcassets */; };
		D0F3CDEB277D9B7F00CB6875 /* Preview Assets.xcassets in Resources */ = {isa = PBXBuildFile; fileRef = D0F3CDEA277D9B7F00CB6875 /* Preview Assets.xcassets */; };
		D0F3CDF5277D9B7F00CB6875 /* GPA_CalculatorTests.swift in Sources */ = {isa = PBXBuildFile; fileRef = D0F3CDF4277D9B7F00CB6875 /* GPA_CalculatorTests.swift */; };
		D0F3CDFF277D9B7F00CB6875 /* GPA_CalculatorUITests.swift in Sources */ = {isa = PBXBuildFile; fileRef = D0F3CDFE277D9B7F00CB6875 /* GPA_CalculatorUITests.swift */; };
		D0F3CE01277D9B7F00CB6875 /* GPA_CalculatorUITestsLaunchTests.swift in Sources */ = {isa = PBXBuildFile; fileRef = D0F3CE00277D9B7F00CB6875 /* GPA_CalculatorUITestsLaunchTests.swift */; };
/* End PBXBuildFile section */

/* Begin PBXContainerItemProxy section */
		D0F3CDF1277D9B7F00CB6875 /* PBXContainerItemProxy */ = {
			isa = PBXContainerItemProxy;
			containerPortal = D0F3CDD8277D9B7E00CB6875 /* Project object */;
			proxyType = 1;
			remoteGlobalIDString = D0F3CDDF277D9B7E00CB6875;
			remoteInfo = "GPA Calculator";
		};
		D0F3CDFB277D9B7F00CB6875 /* PBXContainerItemProxy */ = {
			isa = PBXContainerItemProxy;
			containerPortal = D0F3CDD8277D9B7E00CB6875 /* Project object */;
			proxyType = 1;
			remoteGlobalIDString = D0F3CDDF277D9B7E00CB6875;
			remoteInfo = "GPA Calculator";
		};
/* End PBXContainerItemProxy section */

/* Begin PBXFileReference section */
		D0236FD5278545FE00A4793B /* PresetData.swift */ = {isa = PBXFileReference; lastKnownFileType = sourcecode.swift; path = PresetData.swift; sourceTree = "<group>"; };
		D07518CA27816FAF004F95A8 /* AppSingleton.swift */ = {isa = PBXFileReference; lastKnownFileType = sourcecode.swift; path = AppSingleton.swift; sourceTree = "<group>"; };
		D07518CC27817380004F95A8 /* Common.swift */ = {isa = PBXFileReference; lastKnownFileType = sourcecode.swift; path = Common.swift; sourceTree = "<group>"; };
		D07518CE2781741C004F95A8 /* Presets.swift */ = {isa = PBXFileReference; lastKnownFileType = sourcecode.swift; path = Presets.swift; sourceTree = "<group>"; };
		D0F3CDE0277D9B7E00CB6875 /* GPA Calculator.app */ = {isa = PBXFileReference; explicitFileType = wrapper.application; includeInIndex = 0; path = "GPA Calculator.app"; sourceTree = BUILT_PRODUCTS_DIR; };
		D0F3CDE3277D9B7E00CB6875 /* GPA_CalculatorApp.swift */ = {isa = PBXFileReference; lastKnownFileType = sourcecode.swift; path = GPA_CalculatorApp.swift; sourceTree = "<group>"; };
		D0F3CDE5277D9B7E00CB6875 /* ContentView.swift */ = {isa = PBXFileReference; lastKnownFileType = sourcecode.swift; path = ContentView.swift; sourceTree = "<group>"; };
		D0F3CDE7277D9B7F00CB6875 /* Assets.xcassets */ = {isa = PBXFileReference; lastKnownFileType = folder.assetcatalog; path = Assets.xcassets; sourceTree = "<group>"; };
		D0F3CDEA277D9B7F00CB6875 /* Preview Assets.xcassets */ = {isa = PBXFileReference; lastKnownFileType = folder.assetcatalog; path = "Preview Assets.xcassets"; sourceTree = "<group>"; };
		D0F3CDF0277D9B7F00CB6875 /* GPA CalculatorTests.xctest */ = {isa = PBXFileReference; explicitFileType = wrapper.cfbundle; includeInIndex = 0; path = "GPA CalculatorTests.xctest"; sourceTree = BUILT_PRODUCTS_DIR; };
		D0F3CDF4277D9B7F00CB6875 /* GPA_CalculatorTests.swift */ = {isa = PBXFileReference; lastKnownFileType = sourcecode.swift; path = GPA_CalculatorTests.swift; sourceTree = "<group>"; };
		D0F3CDFA277D9B7F00CB6875 /* GPA CalculatorUITests.xctest */ = {isa = PBXFileReference; explicitFileType = wrapper.cfbundle; includeInIndex = 0; path = "GPA CalculatorUITests.xctest"; sourceTree = BUILT_PRODUCTS_DIR; };
		D0F3CDFE277D9B7F00CB6875 /* GPA_CalculatorUITests.swift */ = {isa = PBXFileReference; lastKnownFileType = sourcecode.swift; path = GPA_CalculatorUITests.swift; sourceTree = "<group>"; };
		D0F3CE00277D9B7F00CB6875 /* GPA_CalculatorUITestsLaunchTests.swift */ = {isa = PBXFileReference; lastKnownFileType = sourcecode.swift; path = GPA_CalculatorUITestsLaunchTests.swift; sourceTree = "<group>"; };
/* End PBXFileReference section */

/* Begin PBXFrameworksBuildPhase section */
		D0F3CDDD277D9B7E00CB6875 /* Frameworks */ = {
			isa = PBXFrameworksBuildPhase;
			buildActionMask = 2147483647;
			files = (
			);
			runOnlyForDeploymentPostprocessing = 0;
		};
		D0F3CDED277D9B7F00CB6875 /* Frameworks */ = {
			isa = PBXFrameworksBuildPhase;
			buildActionMask = 2147483647;
			files = (
			);
			runOnlyForDeploymentPostprocessing = 0;
		};
		D0F3CDF7277D9B7F00CB6875 /* Frameworks */ = {
			isa = PBXFrameworksBuildPhase;
			buildActionMask = 2147483647;
			files = (
			);
			runOnlyForDeploymentPostprocessing = 0;
		};
/* End PBXFrameworksBuildPhase section */

/* Begin PBXGroup section */
		D0F3CDD7277D9B7E00CB6875 = {
			isa = PBXGroup;
			children = (
				D0F3CDE2277D9B7E00CB6875 /* GPA Calculator */,
				D0F3CDF3277D9B7F00CB6875 /* GPA CalculatorTests */,
				D0F3CDFD277D9B7F00CB6875 /* GPA CalculatorUITests */,
				D0F3CDE1277D9B7E00CB6875 /* Products */,
			);
			sourceTree = "<group>";
		};
		D0F3CDE1277D9B7E00CB6875 /* Products */ = {
			isa = PBXGroup;
			children = (
				D0F3CDE0277D9B7E00CB6875 /* GPA Calculator.app */,
				D0F3CDF0277D9B7F00CB6875 /* GPA CalculatorTests.xctest */,
				D0F3CDFA277D9B7F00CB6875 /* GPA CalculatorUITests.xctest */,
			);
			name = Products;
			sourceTree = "<group>";
		};
		D0F3CDE2277D9B7E00CB6875 /* GPA Calculator */ = {
			isa = PBXGroup;
			children = (
				D0F3CDE3277D9B7E00CB6875 /* GPA_CalculatorApp.swift */,
				D0F3CDE5277D9B7E00CB6875 /* ContentView.swift */,
				D07518CE2781741C004F95A8 /* Presets.swift */,
				D0236FD5278545FE00A4793B /* PresetData.swift */,
				D07518CC27817380004F95A8 /* Common.swift */,
				D07518CA27816FAF004F95A8 /* AppSingleton.swift */,
				D0F3CDE7277D9B7F00CB6875 /* Assets.xcassets */,
				D0F3CDE9277D9B7F00CB6875 /* Preview Content */,
			);
			path = "GPA Calculator";
			sourceTree = "<group>";
		};
		D0F3CDE9277D9B7F00CB6875 /* Preview Content */ = {
			isa = PBXGroup;
			children = (
				D0F3CDEA277D9B7F00CB6875 /* Preview Assets.xcassets */,
			);
			path = "Preview Content";
			sourceTree = "<group>";
		};
		D0F3CDF3277D9B7F00CB6875 /* GPA CalculatorTests */ = {
			isa = PBXGroup;
			children = (
				D0F3CDF4277D9B7F00CB6875 /* GPA_CalculatorTests.swift */,
			);
			path = "GPA CalculatorTests";
			sourceTree = "<group>";
		};
		D0F3CDFD277D9B7F00CB6875 /* GPA CalculatorUITests */ = {
			isa = PBXGroup;
			children = (
				D0F3CDFE277D9B7F00CB6875 /* GPA_CalculatorUITests.swift */,
				D0F3CE00277D9B7F00CB6875 /* GPA_CalculatorUITestsLaunchTests.swift */,
			);
			path = "GPA CalculatorUITests";
			sourceTree = "<group>";
		};
/* End PBXGroup section */

/* Begin PBXNativeTarget section */
		D0F3CDDF277D9B7E00CB6875 /* GPA Calculator */ = {
			isa = PBXNativeTarget;
			buildConfigurationList = D0F3CE04277D9B7F00CB6875 /* Build configuration list for PBXNativeTarget "GPA Calculator" */;
			buildPhases = (
				D0F3CDDC277D9B7E00CB6875 /* Sources */,
				D0F3CDDD277D9B7E00CB6875 /* Frameworks */,
				D0F3CDDE277D9B7E00CB6875 /* Resources */,
			);
			buildRules = (
			);
			dependencies = (
			);
			name = "GPA Calculator";
			productName = "GPA Calculator";
			productReference = D0F3CDE0277D9B7E00CB6875 /* GPA Calculator.app */;
			productType = "com.apple.product-type.application";
		};
		D0F3CDEF277D9B7F00CB6875 /* GPA CalculatorTests */ = {
			isa = PBXNativeTarget;
			buildConfigurationList = D0F3CE07277D9B7F00CB6875 /* Build configuration list for PBXNativeTarget "GPA CalculatorTests" */;
			buildPhases = (
				D0F3CDEC277D9B7F00CB6875 /* Sources */,
				D0F3CDED277D9B7F00CB6875 /* Frameworks */,
				D0F3CDEE277D9B7F00CB6875 /* Resources */,
			);
			buildRules = (
			);
			dependencies = (
				D0F3CDF2277D9B7F00CB6875 /* PBXTargetDependency */,
			);
			name = "GPA CalculatorTests";
			productName = "GPA CalculatorTests";
			productReference = D0F3CDF0277D9B7F00CB6875 /* GPA CalculatorTests.xctest */;
			productType = "com.apple.product-type.bundle.unit-test";
		};
		D0F3CDF9277D9B7F00CB6875 /* GPA CalculatorUITests */ = {
			isa = PBXNativeTarget;
			buildConfigurationList = D0F3CE0A277D9B7F00CB6875 /* Build configuration list for PBXNativeTarget "GPA CalculatorUITests" */;
			buildPhases = (
				D0F3CDF6277D9B7F00CB6875 /* Sources */,
				D0F3CDF7277D9B7F00CB6875 /* Frameworks */,
				D0F3CDF8277D9B7F00CB6875 /* Resources */,
			);
			buildRules = (
			);
			dependencies = (
				D0F3CDFC277D9B7F00CB6875 /* PBXTargetDependency */,
			);
			name = "GPA CalculatorUITests";
			productName = "GPA CalculatorUITests";
			productReference = D0F3CDFA277D9B7F00CB6875 /* GPA CalculatorUITests.xctest */;
			productType = "com.apple.product-type.bundle.ui-testing";
		};
/* End PBXNativeTarget section */

/* Begin PBXProject section */
		D0F3CDD8277D9B7E00CB6875 /* Project object */ = {
			isa = PBXProject;
			attributes = {
				BuildIndependentTargetsInParallel = 1;
				LastSwiftUpdateCheck = 1320;
				LastUpgradeCheck = 1320;
				TargetAttributes = {
					D0F3CDDF277D9B7E00CB6875 = {
						CreatedOnToolsVersion = 13.2.1;
					};
					D0F3CDEF277D9B7F00CB6875 = {
						CreatedOnToolsVersion = 13.2.1;
						TestTargetID = D0F3CDDF277D9B7E00CB6875;
					};
					D0F3CDF9277D9B7F00CB6875 = {
						CreatedOnToolsVersion = 13.2.1;
						TestTargetID = D0F3CDDF277D9B7E00CB6875;
					};
				};
			};
			buildConfigurationList = D0F3CDDB277D9B7E00CB6875 /* Build configuration list for PBXProject "GPA Calculator" */;
			compatibilityVersion = "Xcode 13.0";
			developmentRegion = en;
			hasScannedForEncodings = 0;
			knownRegions = (
				en,
				Base,
			);
			mainGroup = D0F3CDD7277D9B7E00CB6875;
			productRefGroup = D0F3CDE1277D9B7E00CB6875 /* Products */;
			projectDirPath = "";
			projectRoot = "";
			targets = (
				D0F3CDDF277D9B7E00CB6875 /* GPA Calculator */,
				D0F3CDEF277D9B7F00CB6875 /* GPA CalculatorTests */,
				D0F3CDF9277D9B7F00CB6875 /* GPA CalculatorUITests */,
			);
		};
/* End PBXProject section */

/* Begin PBXResourcesBuildPhase section */
		D0F3CDDE277D9B7E00CB6875 /* Resources */ = {
			isa = PBXResourcesBuildPhase;
			buildActionMask = 2147483647;
			files = (
				D0F3CDEB277D9B7F00CB6875 /* Preview Assets.xcassets in Resources */,
				D0F3CDE8277D9B7F00CB6875 /* Assets.xcassets in Resources */,
			);
			runOnlyForDeploymentPostprocessing = 0;
		};
		D0F3CDEE277D9B7F00CB6875 /* Resources */ = {
			isa = PBXResourcesBuildPhase;
			buildActionMask = 2147483647;
			files = (
			);
			runOnlyForDeploymentPostprocessing = 0;
		};
		D0F3CDF8277D9B7F00CB6875 /* Resources */ = {
			isa = PBXResourcesBuildPhase;
			buildActionMask = 2147483647;
			files = (
			);
			runOnlyForDeploymentPostprocessing = 0;
		};
/* End PBXResourcesBuildPhase section */

/* Begin PBXSourcesBuildPhase section */
		D0F3CDDC277D9B7E00CB6875 /* Sources */ = {
			isa = PBXSourcesBuildPhase;
			buildActionMask = 2147483647;
			files = (
				D07518CD27817380004F95A8 /* Common.swift in Sources */,
				D0F3CDE6277D9B7E00CB6875 /* ContentView.swift in Sources */,
				D07518CB27816FAF004F95A8 /* AppSingleton.swift in Sources */,
				D07518CF2781741C004F95A8 /* Presets.swift in Sources */,
				D0236FD6278545FE00A4793B /* PresetData.swift in Sources */,
				D0F3CDE4277D9B7E00CB6875 /* GPA_CalculatorApp.swift in Sources */,
			);
			runOnlyForDeploymentPostprocessing = 0;
		};
		D0F3CDEC277D9B7F00CB6875 /* Sources */ = {
			isa = PBXSourcesBuildPhase;
			buildActionMask = 2147483647;
			files = (
				D0F3CDF5277D9B7F00CB6875 /* GPA_CalculatorTests.swift in Sources */,
			);
			runOnlyForDeploymentPostprocessing = 0;
		};
		D0F3CDF6277D9B7F00CB6875 /* Sources */ = {
			isa = PBXSourcesBuildPhase;
			buildActionMask = 2147483647;
			files = (
				D0F3CDFF277D9B7F00CB6875 /* GPA_CalculatorUITests.swift in Sources */,
				D0F3CE01277D9B7F00CB6875 /* GPA_CalculatorUITestsLaunchTests.swift in Sources */,
			);
			runOnlyForDeploymentPostprocessing = 0;
		};
/* End PBXSourcesBuildPhase section */

/* Begin PBXTargetDependency section */
		D0F3CDF2277D9B7F00CB6875 /* PBXTargetDependency */ = {
			isa = PBXTargetDependency;
			target = D0F3CDDF277D9B7E00CB6875 /* GPA Calculator */;
			targetProxy = D0F3CDF1277D9B7F00CB6875 /* PBXContainerItemProxy */;
		};
		D0F3CDFC277D9B7F00CB6875 /* PBXTargetDependency */ = {
			isa = PBXTargetDependency;
			target = D0F3CDDF277D9B7E00CB6875 /* GPA Calculator */;
			targetProxy = D0F3CDFB277D9B7F00CB6875 /* PBXContainerItemProxy */;
		};
/* End PBXTargetDependency section */

/* Begin XCBuildConfiguration section */
		D0F3CE02277D9B7F00CB6875 /* Debug */ = {
			isa = XCBuildConfiguration;
			buildSettings = {
				ALWAYS_SEARCH_USER_PATHS = NO;
				CLANG_ANALYZER_NONNULL = YES;
				CLANG_ANALYZER_NUMBER_OBJECT_CONVERSION = YES_AGGRESSIVE;
				CLANG_CXX_LANGUAGE_STANDARD = "gnu++17";
				CLANG_CXX_LIBRARY = "libc++";
				CLANG_ENABLE_MODULES = YES;
				CLANG_ENABLE_OBJC_ARC = YES;
				CLANG_ENABLE_OBJC_WEAK = YES;
				CLANG_WARN_BLOCK_CAPTURE_AUTORELEASING = YES;
				CLANG_WARN_BOOL_CONVERSION = YES;
				CLANG_WARN_COMMA = YES;
				CLANG_WARN_CONSTANT_CONVERSION = YES;
				CLANG_WARN_DEPRECATED_OBJC_IMPLEMENTATIONS = YES;
				CLANG_WARN_DIRECT_OBJC_ISA_USAGE = YES_ERROR;
				CLANG_WARN_DOCUMENTATION_COMMENTS = YES;
				CLANG_WARN_EMPTY_BODY = YES;
				CLANG_WARN_ENUM_CONVERSION = YES;
				CLANG_WARN_INFINITE_RECURSION = YES;
				CLANG_WARN_INT_CONVERSION = YES;
				CLANG_WARN_NON_LITERAL_NULL_CONVERSION = YES;
				CLANG_WARN_OBJC_IMPLICIT_RETAIN_SELF = YES;
				CLANG_WARN_OBJC_LITERAL_CONVERSION = YES;
				CLANG_WARN_OBJC_ROOT_CLASS = YES_ERROR;
				CLANG_WARN_QUOTED_INCLUDE_IN_FRAMEWORK_HEADER = YES;
				CLANG_WARN_RANGE_LOOP_ANALYSIS = YES;
				CLANG_WARN_STRICT_PROTOTYPES = YES;
				CLANG_WARN_SUSPICIOUS_MOVE = YES;
				CLANG_WARN_UNGUARDED_AVAILABILITY = YES_AGGRESSIVE;
				CLANG_WARN_UNREACHABLE_CODE = YES;
				CLANG_WARN__DUPLICATE_METHOD_MATCH = YES;
				COPY_PHASE_STRIP = NO;
				DEBUG_INFORMATION_FORMAT = dwarf;
				ENABLE_STRICT_OBJC_MSGSEND = YES;
				ENABLE_TESTABILITY = YES;
				GCC_C_LANGUAGE_STANDARD = gnu11;
				GCC_DYNAMIC_NO_PIC = NO;
				GCC_NO_COMMON_BLOCKS = YES;
				GCC_OPTIMIZATION_LEVEL = 0;
				GCC_PREPROCESSOR_DEFINITIONS = (
					"DEBUG=1",
					"$(inherited)",
				);
				GCC_WARN_64_TO_32_BIT_CONVERSION = YES;
				GCC_WARN_ABOUT_RETURN_TYPE = YES_ERROR;
				GCC_WARN_UNDECLARED_SELECTOR = YES;
				GCC_WARN_UNINITIALIZED_AUTOS = YES_AGGRESSIVE;
				GCC_WARN_UNUSED_FUNCTION = YES;
				GCC_WARN_UNUSED_VARIABLE = YES;
				IPHONEOS_DEPLOYMENT_TARGET = 15.2;
				MTL_ENABLE_DEBUG_INFO = INCLUDE_SOURCE;
				MTL_FAST_MATH = YES;
				ONLY_ACTIVE_ARCH = YES;
				SDKROOT = iphoneos;
				SWIFT_ACTIVE_COMPILATION_CONDITIONS = DEBUG;
				SWIFT_OPTIMIZATION_LEVEL = "-Onone";
			};
			name = Debug;
		};
		D0F3CE03277D9B7F00CB6875 /* Release */ = {
			isa = XCBuildConfiguration;
			buildSettings = {
				ALWAYS_SEARCH_USER_PATHS = NO;
				CLANG_ANALYZER_NONNULL = YES;
				CLANG_ANALYZER_NUMBER_OBJECT_CONVERSION = YES_AGGRESSIVE;
				CLANG_CXX_LANGUAGE_STANDARD = "gnu++17";
				CLANG_CXX_LIBRARY = "libc++";
				CLANG_ENABLE_MODULES = YES;
				CLANG_ENABLE_OBJC_ARC = YES;
				CLANG_ENABLE_OBJC_WEAK = YES;
				CLANG_WARN_BLOCK_CAPTURE_AUTORELEASING = YES;
				CLANG_WARN_BOOL_CONVERSION = YES;
				CLANG_WARN_COMMA = YES;
				CLANG_WARN_CONSTANT_CONVERSION = YES;
				CLANG_WARN_DEPRECATED_OBJC_IMPLEMENTATIONS = YES;
				CLANG_WARN_DIRECT_OBJC_ISA_USAGE = YES_ERROR;
				CLANG_WARN_DOCUMENTATION_COMMENTS = YES;
				CLANG_WARN_EMPTY_BODY = YES;
				CLANG_WARN_ENUM_CONVERSION = YES;
				CLANG_WARN_INFINITE_RECURSION = YES;
				CLANG_WARN_INT_CONVERSION = YES;
				CLANG_WARN_NON_LITERAL_NULL_CONVERSION = YES;
				CLANG_WARN_OBJC_IMPLICIT_RETAIN_SELF = YES;
				CLANG_WARN_OBJC_LITERAL_CONVERSION = YES;
				CLANG_WARN_OBJC_ROOT_CLASS = YES_ERROR;
				CLANG_WARN_QUOTED_INCLUDE_IN_FRAMEWORK_HEADER = YES;
				CLANG_WARN_RANGE_LOOP_ANALYSIS = YES;
				CLANG_WARN_STRICT_PROTOTYPES = YES;
				CLANG_WARN_SUSPICIOUS_MOVE = YES;
				CLANG_WARN_UNGUARDED_AVAILABILITY = YES_AGGRESSIVE;
				CLANG_WARN_UNREACHABLE_CODE = YES;
				CLANG_WARN__DUPLICATE_METHOD_MATCH = YES;
				COPY_PHASE_STRIP = NO;
				DEBUG_INFORMATION_FORMAT = "dwarf-with-dsym";
				ENABLE_NS_ASSERTIONS = NO;
				ENABLE_STRICT_OBJC_MSGSEND = YES;
				GCC_C_LANGUAGE_STANDARD = gnu11;
				GCC_NO_COMMON_BLOCKS = YES;
				GCC_WARN_64_TO_32_BIT_CONVERSION = YES;
				GCC_WARN_ABOUT_RETURN_TYPE = YES_ERROR;
				GCC_WARN_UNDECLARED_SELECTOR = YES;
				GCC_WARN_UNINITIALIZED_AUTOS = YES_AGGRESSIVE;
				GCC_WARN_UNUSED_FUNCTION = YES;
				GCC_WARN_UNUSED_VARIABLE = YES;
				IPHONEOS_DEPLOYMENT_TARGET = 15.2;
				MTL_ENABLE_DEBUG_INFO = NO;
				MTL_FAST_MATH = YES;
				SDKROOT = iphoneos;
				SWIFT_COMPILATION_MODE = wholemodule;
				SWIFT_OPTIMIZATION_LEVEL = "-O";
				VALIDATE_PRODUCT = YES;
			};
			name = Release;
		};
		D0F3CE05277D9B7F00CB6875 /* Debug */ = {
			isa = XCBuildConfiguration;
			buildSettings = {
				ASSETCATALOG_COMPILER_APPICON_NAME = AppIcon;
				ASSETCATALOG_COMPILER_GLOBAL_ACCENT_COLOR_NAME = AccentColor;
				CODE_SIGN_STYLE = Automatic;
				CURRENT_PROJECT_VERSION = 1;
				DEVELOPMENT_ASSET_PATHS = "\"GPA Calculator/Preview Content\"";
				DEVELOPMENT_TEAM = 9K2XM38XLK;
				ENABLE_PREVIEWS = YES;
				GENERATE_INFOPLIST_FILE = YES;
				INFOPLIST_KEY_UIApplicationSceneManifest_Generation = YES;
				INFOPLIST_KEY_UIApplicationSupportsIndirectInputEvents = YES;
				INFOPLIST_KEY_UILaunchScreen_Generation = YES;
				INFOPLIST_KEY_UISupportedInterfaceOrientations_iPad = "UIInterfaceOrientationPortrait UIInterfaceOrientationPortraitUpsideDown UIInterfaceOrientationLandscapeLeft UIInterfaceOrientationLandscapeRight";
				INFOPLIST_KEY_UISupportedInterfaceOrientations_iPhone = "UIInterfaceOrientationPortrait UIInterfaceOrientationLandscapeLeft UIInterfaceOrientationLandscapeRight";
				IPHONEOS_DEPLOYMENT_TARGET = 14.0;
				LD_RUNPATH_SEARCH_PATHS = (
					"$(inherited)",
					"@executable_path/Frameworks",
				);
				MARKETING_VERSION = 1.0;
				PRODUCT_BUNDLE_IDENTIFIER = "com.michelguo.GPA-Calculator";
				PRODUCT_NAME = "$(TARGET_NAME)";
				SWIFT_EMIT_LOC_STRINGS = YES;
				SWIFT_VERSION = 5.0;
				TARGETED_DEVICE_FAMILY = "1,2";
			};
			name = Debug;
		};
		D0F3CE06277D9B7F00CB6875 /* Release */ = {
			isa = XCBuildConfiguration;
			buildSettings = {
				ASSETCATALOG_COMPILER_APPICON_NAME = AppIcon;
				ASSETCATALOG_COMPILER_GLOBAL_ACCENT_COLOR_NAME = AccentColor;
				CODE_SIGN_STYLE = Automatic;
				CURRENT_PROJECT_VERSION = 1;
				DEVELOPMENT_ASSET_PATHS = "\"GPA Calculator/Preview Content\"";
				DEVELOPMENT_TEAM = 9K2XM38XLK;
				ENABLE_PREVIEWS = YES;
				GENERATE_INFOPLIST_FILE = YES;
				INFOPLIST_KEY_UIApplicationSceneManifest_Generation = YES;
				INFOPLIST_KEY_UIApplicationSupportsIndirectInputEvents = YES;
				INFOPLIST_KEY_UILaunchScreen_Generation = YES;
				INFOPLIST_KEY_UISupportedInterfaceOrientations_iPad = "UIInterfaceOrientationPortrait UIInterfaceOrientationPortraitUpsideDown UIInterfaceOrientationLandscapeLeft UIInterfaceOrientationLandscapeRight";
				INFOPLIST_KEY_UISupportedInterfaceOrientations_iPhone = "UIInterfaceOrientationPortrait UIInterfaceOrientationLandscapeLeft UIInterfaceOrientationLandscapeRight";
				IPHONEOS_DEPLOYMENT_TARGET = 14.0;
				LD_RUNPATH_SEARCH_PATHS = (
					"$(inherited)",
					"@executable_path/Frameworks",
				);
				MARKETING_VERSION = 1.0;
				PRODUCT_BUNDLE_IDENTIFIER = "com.michelguo.GPA-Calculator";
				PRODUCT_NAME = "$(TARGET_NAME)";
				SWIFT_EMIT_LOC_STRINGS = YES;
				SWIFT_VERSION = 5.0;
				TARGETED_DEVICE_FAMILY = "1,2";
			};
			name = Release;
		};
		D0F3CE08277D9B7F00CB6875 /* Debug */ = {
			isa = XCBuildConfiguration;
			buildSettings = {
				ALWAYS_EMBED_SWIFT_STANDARD_LIBRARIES = YES;
				BUNDLE_LOADER = "$(TEST_HOST)";
				CODE_SIGN_STYLE = Automatic;
				CURRENT_PROJECT_VERSION = 1;
				DEVELOPMENT_TEAM = 9K2XM38XLK;
				GENERATE_INFOPLIST_FILE = YES;
				IPHONEOS_DEPLOYMENT_TARGET = 15.2;
				MARKETING_VERSION = 1.0;
				PRODUCT_BUNDLE_IDENTIFIER = "com.michelguo.GPA-CalculatorTests";
				PRODUCT_NAME = "$(TARGET_NAME)";
				SWIFT_EMIT_LOC_STRINGS = NO;
				SWIFT_VERSION = 5.0;
				TARGETED_DEVICE_FAMILY = "1,2";
				TEST_HOST = "$(BUILT_PRODUCTS_DIR)/GPA Calculator.app/GPA Calculator";
			};
			name = Debug;
		};
		D0F3CE09277D9B7F00CB6875 /* Release */ = {
			isa = XCBuildConfiguration;
			buildSettings = {
				ALWAYS_EMBED_SWIFT_STANDARD_LIBRARIES = YES;
				BUNDLE_LOADER = "$(TEST_HOST)";
				CODE_SIGN_STYLE = Automatic;
				CURRENT_PROJECT_VERSION = 1;
				DEVELOPMENT_TEAM = 9K2XM38XLK;
				GENERATE_INFOPLIST_FILE = YES;
				IPHONEOS_DEPLOYMENT_TARGET = 15.2;
				MARKETING_VERSION = 1.0;
				PRODUCT_BUNDLE_IDENTIFIER = "com.michelguo.GPA-CalculatorTests";
				PRODUCT_NAME = "$(TARGET_NAME)";
				SWIFT_EMIT_LOC_STRINGS = NO;
				SWIFT_VERSION = 5.0;
				TARGETED_DEVICE_FAMILY = "1,2";
				TEST_HOST = "$(BUILT_PRODUCTS_DIR)/GPA Calculator.app/GPA Calculator";
			};
			name = Release;
		};
		D0F3CE0B277D9B7F00CB6875 /* Debug */ = {
			isa = XCBuildConfiguration;
			buildSettings = {
				ALWAYS_EMBED_SWIFT_STANDARD_LIBRARIES = YES;
				CODE_SIGN_STYLE = Automatic;
				CURRENT_PROJECT_VERSION = 1;
				DEVELOPMENT_TEAM = 9K2XM38XLK;
				GENERATE_INFOPLIST_FILE = YES;
				MARKETING_VERSION = 1.0;
				PRODUCT_BUNDLE_IDENTIFIER = "com.michelguo.GPA-CalculatorUITests";
				PRODUCT_NAME = "$(TARGET_NAME)";
				SWIFT_EMIT_LOC_STRINGS = NO;
				SWIFT_VERSION = 5.0;
				TARGETED_DEVICE_FAMILY = "1,2";
				TEST_TARGET_NAME = "GPA Calculator";
			};
			name = Debug;
		};
		D0F3CE0C277D9B7F00CB6875 /* Release */ = {
			isa = XCBuildConfiguration;
			buildSettings = {
				ALWAYS_EMBED_SWIFT_STANDARD_LIBRARIES = YES;
				CODE_SIGN_STYLE = Automatic;
				CURRENT_PROJECT_VERSION = 1;
				DEVELOPMENT_TEAM = 9K2XM38XLK;
				GENERATE_INFOPLIST_FILE = YES;
				MARKETING_VERSION = 1.0;
				PRODUCT_BUNDLE_IDENTIFIER = "com.michelguo.GPA-CalculatorUITests";
				PRODUCT_NAME = "$(TARGET_NAME)";
				SWIFT_EMIT_LOC_STRINGS = NO;
				SWIFT_VERSION = 5.0;
				TARGETED_DEVICE_FAMILY = "1,2";
				TEST_TARGET_NAME = "GPA Calculator";
			};
			name = Release;
		};
/* End XCBuildConfiguration section */

/* Begin XCConfigurationList section */
		D0F3CDDB277D9B7E00CB6875 /* Build configuration list for PBXProject "GPA Calculator" */ = {
			isa = XCConfigurationList;
			buildConfigurations = (
				D0F3CE02277D9B7F00CB6875 /* Debug */,
				D0F3CE03277D9B7F00CB6875 /* Release */,
			);
			defaultConfigurationIsVisible = 0;
			defaultConfigurationName = Release;
		};
		D0F3CE04277D9B7F00CB6875 /* Build configuration list for PBXNativeTarget "GPA Calculator" */ = {
			isa = XCConfigurationList;
			buildConfigurations = (
				D0F3CE05277D9B7F00CB6875 /* Debug */,
				D0F3CE06277D9B7F00CB6875 /* Release */,
			);
			defaultConfigurationIsVisible = 0;
			defaultConfigurationName = Release;
		};
		D0F3CE07277D9B7F00CB6875 /* Build configuration list for PBXNativeTarget "GPA CalculatorTests" */ = {
			isa = XCConfigurationList;
			buildConfigurations = (
				D0F3CE08277D9B7F00CB6875 /* Debug */,
				D0F3CE09277D9B7F00CB6875 /* Release */,
			);
			defaultConfigurationIsVisible = 0;
			defaultConfigurationName = Release;
		};
		D0F3CE0A277D9B7F00CB6875 /* Build configuration list for PBXNativeTarget "GPA CalculatorUITests" */ = {
			isa = XCConfigurationList;
			buildConfigurations = (
				D0F3CE0B277D9B7F00CB6875 /* Debug */,
				D0F3CE0C277D9B7F00CB6875 /* Release */,
			);
			defaultConfigurationIsVisible = 0;
			defaultConfigurationName = Release;
		};
/* End XCConfigurationList section */
	};
	rootObject = D0F3CDD8277D9B7E00CB6875 /* Project object */;
}
